
Microsoft Visual Studio Solution File, Format Version 12.00
# Visual Studio 2013
VisualStudioVersion = 12.0.21005.1
MinimumVisualStudioVersion = 10.0.40219.1
Project("{FAE04EC0-301F-11D3-BF4B-00C04F79EFBC}") = "01. StringBuilderExtentions", "01. StringBuilderExtentions\01. StringBuilderExtentions.csproj", "{E779A343-B78D-4049-9C60-92173FCD7A6E}"
EndProject
Project("{FAE04EC0-301F-11D3-BF4B-00C04F79EFBC}") = "02. IEnumerableExtensions", "02. IEnumerableExtensions\02. IEnumerableExtensions.csproj", "{B5D9897D-879B-401C-BE4E-256CFB404CE8}"
EndProject
Project("{FAE04EC0-301F-11D3-BF4B-00C04F79EFBC}") = "03. FirstBeforeLast", "03. FirstBeforeLast\03. FirstBeforeLast.csproj", "{1340AADA-2590-4517-98E2-C40A13F0FA46}"
EndProject
Project("{FAE04EC0-301F-11D3-BF4B-00C04F79EFBC}") = "04. AgeRange", "04. AgeRange\04. AgeRange.csproj", "{2097A661-BED2-4B0A-9721-69394DBD9E80}"
EndProject
Project("{FAE04EC0-301F-11D3-BF4B-00C04F79EFBC}") = "05. OrderStudents", "05. OrderStudents\05. OrderStudents.csproj", "{35B453EE-9B1D-4C5D-BEF6-21EDE6B4C904}"
EndProject
Project("{FAE04EC0-301F-11D3-BF4B-00C04F79EFBC}") = "06. DivisibleBySevenAndThree", "06. DivisibleBySevenAndThree\06. DivisibleBySevenAndThree.csproj", "{29B148AE-4695-44BC-9061-78F1555BAC2B}"
EndProject
Project("{FAE04EC0-301F-11D3-BF4B-00C04F79EFBC}") = "07. Timer", "07. Timer\07. Timer.csproj", "{982E7154-4591-4C6B-906D-95B2E114D5C3}"
EndProject
Project("{FAE04EC0-301F-11D3-BF4B-00C04F79EFBC}") = "09.To15. StudentsManipulations", "09.To15. StudentsManipulations\09.To15. StudentsManipulations.csproj", "{1545AF1F-9D4D-45B1-A3AD-1A98764321F7}"
EndProject
Project("{FAE04EC0-301F-11D3-BF4B-00C04F79EFBC}") = "17. StringWithMaxLength", "17. StringWithMaxLength\17. StringWithMaxLength.csproj", "{FE1A6D35-CAFB-4801-A27A-FC52BA8FBDFB}"
EndProject
Project("{FAE04EC0-301F-11D3-BF4B-00C04F79EFBC}") = "18.To19. Groups", "18.To19. Groups\18.To19. Groups.csproj", "{22B0157F-78B0-4EA9-83D1-820D6DED7707}"
EndProject
Global
	GlobalSection(SolutionConfigurationPlatforms) = preSolution
		Debug|Any CPU = Debug|Any CPU
		Release|Any CPU = Release|Any CPU
	EndGlobalSection
	GlobalSection(ProjectConfigurationPlatforms) = postSolution
		{E779A343-B78D-4049-9C60-92173FCD7A6E}.Debug|Any CPU.ActiveCfg = Debug|Any CPU
		{E779A343-B78D-4049-9C60-92173FCD7A6E}.Debug|Any CPU.Build.0 = Debug|Any CPU
		{E779A343-B78D-4049-9C60-92173FCD7A6E}.Release|Any CPU.ActiveCfg = Release|Any CPU
		{E779A343-B78D-4049-9C60-92173FCD7A6E}.Release|Any CPU.Build.0 = Release|Any CPU
		{B5D9897D-879B-401C-BE4E-256CFB404CE8}.Debug|Any CPU.ActiveCfg = Debug|Any CPU
		{B5D9897D-879B-401C-BE4E-256CFB404CE8}.Debug|Any CPU.Build.0 = Debug|Any CPU
		{B5D9897D-879B-401C-BE4E-256CFB404CE8}.Release|Any CPU.ActiveCfg = Release|Any CPU
		{B5D9897D-879B-401C-BE4E-256CFB404CE8}.Release|Any CPU.Build.0 = Release|Any CPU
		{1340AADA-2590-4517-98E2-C40A13F0FA46}.Debug|Any CPU.ActiveCfg = Debug|Any CPU
		{1340AADA-2590-4517-98E2-C40A13F0FA46}.Debug|Any CPU.Build.0 = Debug|Any CPU
		{1340AADA-2590-4517-98E2-C40A13F0FA46}.Release|Any CPU.ActiveCfg = Release|Any CPU
		{1340AADA-2590-4517-98E2-C40A13F0FA46}.Release|Any CPU.Build.0 = Release|Any CPU
		{2097A661-BED2-4B0A-9721-69394DBD9E80}.Debug|Any CPU.ActiveCfg = Debug|Any CPU
		{2097A661-BED2-4B0A-9721-69394DBD9E80}.Debug|Any CPU.Build.0 = Debug|Any CPU
		{2097A661-BED2-4B0A-9721-69394DBD9E80}.Release|Any CPU.ActiveCfg = Release|Any CPU
		{2097A661-BED2-4B0A-9721-69394DBD9E80}.Release|Any CPU.Build.0 = Release|Any CPU
		{35B453EE-9B1D-4C5D-BEF6-21EDE6B4C904}.Debug|Any CPU.ActiveCfg = Debug|Any CPU
		{35B453EE-9B1D-4C5D-BEF6-21EDE6B4C904}.Debug|Any CPU.Build.0 = Debug|Any CPU
		{35B453EE-9B1D-4C5D-BEF6-21EDE6B4C904}.Release|Any CPU.ActiveCfg = Release|Any CPU
		{35B453EE-9B1D-4C5D-BEF6-21EDE6B4C904}.Release|Any CPU.Build.0 = Release|Any CPU
		{29B148AE-4695-44BC-9061-78F1555BAC2B}.Debug|Any CPU.ActiveCfg = Debug|Any CPU
		{29B148AE-4695-44BC-9061-78F1555BAC2B}.Debug|Any CPU.Build.0 = Debug|Any CPU
		{29B148AE-4695-44BC-9061-78F1555BAC2B}.Release|Any CPU.ActiveCfg = Release|Any CPU
		{29B148AE-4695-44BC-9061-78F1555BAC2B}.Release|Any CPU.Build.0 = Release|Any CPU
		{982E7154-4591-4C6B-906D-95B2E114D5C3}.Debug|Any CPU.ActiveCfg = Debug|Any CPU
		{982E7154-4591-4C6B-906D-95B2E114D5C3}.Debug|Any CPU.Build.0 = Debug|Any CPU
		{982E7154-4591-4C6B-906D-95B2E114D5C3}.Release|Any CPU.ActiveCfg = Release|Any CPU
		{982E7154-4591-4C6B-906D-95B2E114D5C3}.Release|Any CPU.Build.0 = Release|Any CPU
		{1545AF1F-9D4D-45B1-A3AD-1A98764321F7}.Debug|Any CPU.ActiveCfg = Debug|Any CPU
		{1545AF1F-9D4D-45B1-A3AD-1A98764321F7}.Debug|Any CPU.Build.0 = Debug|Any CPU
		{1545AF1F-9D4D-45B1-A3AD-1A98764321F7}.Release|Any CPU.ActiveCfg = Release|Any CPU
		{1545AF1F-9D4D-45B1-A3AD-1A98764321F7}.Release|Any CPU.Build.0 = Release|Any CPU
		{FE1A6D35-CAFB-4801-A27A-FC52BA8FBDFB}.Debug|Any CPU.ActiveCfg = Debug|Any CPU
		{FE1A6D35-CAFB-4801-A27A-FC52BA8FBDFB}.Debug|Any CPU.Build.0 = Debug|Any CPU
		{FE1A6D35-CAFB-4801-A27A-FC52BA8FBDFB}.Release|Any CPU.ActiveCfg = Release|Any CPU
		{FE1A6D35-CAFB-4801-A27A-FC52BA8FBDFB}.Release|Any CPU.Build.0 = Release|Any CPU
		{22B0157F-78B0-4EA9-83D1-820D6DED7707}.Debug|Any CPU.ActiveCfg = Debug|Any CPU
		{22B0157F-78B0-4EA9-83D1-820D6DED7707}.Debug|Any CPU.Build.0 = Debug|Any CPU
		{22B0157F-78B0-4EA9-83D1-820D6DED7707}.Release|Any CPU.ActiveCfg = Release|Any CPU
		{22B0157F-78B0-4EA9-83D1-820D6DED7707}.Release|Any CPU.Build.0 = Release|Any CPU
	EndGlobalSection
	GlobalSection(SolutionProperties) = preSolution
		HideSolutionNode = FALSE
	EndGlobalSection
EndGlobal
