
Microsoft Visual Studio Solution File, Format Version 12.00
# Visual Studio 2013
VisualStudioVersion = 12.0.21005.1
MinimumVisualStudioVersion = 10.0.40219.1
Project("{FAE04EC0-301F-11D3-BF4B-00C04F79EFBC}") = "01. Garden", "01. Garden\01. Garden.csproj", "{83A690CB-7BCF-46E6-8A33-3553A5B44636}"
EndProject
Project("{FAE04EC0-301F-11D3-BF4B-00C04F79EFBC}") = "02. TheSecretsOfNumbers", "02. TheSecretsOfNumbers\02. TheSecretsOfNumbers.csproj", "{D889ACD7-1B68-48C1-876A-84B21F02A125}"
EndProject
Project("{FAE04EC0-301F-11D3-BF4B-00C04F79EFBC}") = "03. CardWars", "03. CardWars\03. CardWars.csproj", "{EA17C4C4-050C-423E-9574-D1D75F51B2A3}"
EndProject
Project("{FAE04EC0-301F-11D3-BF4B-00C04F79EFBC}") = "04. Bat'GoikoTower", "04. Bat'GoikoTower\04. Bat'GoikoTower.csproj", "{31A0E629-CC4A-4AFB-9FD7-6EBEF89E4420}"
EndProject
Global
	GlobalSection(SolutionConfigurationPlatforms) = preSolution
		Debug|Any CPU = Debug|Any CPU
		Release|Any CPU = Release|Any CPU
	EndGlobalSection
	GlobalSection(ProjectConfigurationPlatforms) = postSolution
		{83A690CB-7BCF-46E6-8A33-3553A5B44636}.Debug|Any CPU.ActiveCfg = Debug|Any CPU
		{83A690CB-7BCF-46E6-8A33-3553A5B44636}.Debug|Any CPU.Build.0 = Debug|Any CPU
		{83A690CB-7BCF-46E6-8A33-3553A5B44636}.Release|Any CPU.ActiveCfg = Release|Any CPU
		{83A690CB-7BCF-46E6-8A33-3553A5B44636}.Release|Any CPU.Build.0 = Release|Any CPU
		{D889ACD7-1B68-48C1-876A-84B21F02A125}.Debug|Any CPU.ActiveCfg = Debug|Any CPU
		{D889ACD7-1B68-48C1-876A-84B21F02A125}.Debug|Any CPU.Build.0 = Debug|Any CPU
		{D889ACD7-1B68-48C1-876A-84B21F02A125}.Release|Any CPU.ActiveCfg = Release|Any CPU
		{D889ACD7-1B68-48C1-876A-84B21F02A125}.Release|Any CPU.Build.0 = Release|Any CPU
		{EA17C4C4-050C-423E-9574-D1D75F51B2A3}.Debug|Any CPU.ActiveCfg = Debug|Any CPU
		{EA17C4C4-050C-423E-9574-D1D75F51B2A3}.Debug|Any CPU.Build.0 = Debug|Any CPU
		{EA17C4C4-050C-423E-9574-D1D75F51B2A3}.Release|Any CPU.ActiveCfg = Release|Any CPU
		{EA17C4C4-050C-423E-9574-D1D75F51B2A3}.Release|Any CPU.Build.0 = Release|Any CPU
		{31A0E629-CC4A-4AFB-9FD7-6EBEF89E4420}.Debug|Any CPU.ActiveCfg = Debug|Any CPU
		{31A0E629-CC4A-4AFB-9FD7-6EBEF89E4420}.Debug|Any CPU.Build.0 = Debug|Any CPU
		{31A0E629-CC4A-4AFB-9FD7-6EBEF89E4420}.Release|Any CPU.ActiveCfg = Release|Any CPU
		{31A0E629-CC4A-4AFB-9FD7-6EBEF89E4420}.Release|Any CPU.Build.0 = Release|Any CPU
	EndGlobalSection
	GlobalSection(SolutionProperties) = preSolution
		HideSolutionNode = FALSE
	EndGlobalSection
EndGlobal
