
Microsoft Visual Studio Solution File, Format Version 12.00
# Visual Studio 2013
VisualStudioVersion = 12.0.21005.1
MinimumVisualStudioVersion = 10.0.40219.1
Project("{FAE04EC0-301F-11D3-BF4B-00C04F79EFBC}") = "01. HomeworkDesign1", "01. HomeworkDesign1\01. HomeworkDesign1.csproj", "{D588F42A-6D04-4290-98C7-7B70BF1A84E1}"
EndProject
Project("{FAE04EC0-301F-11D3-BF4B-00C04F79EFBC}") = "02. HomeworkDesign2", "02. HomeworkDesign2\02. HomeworkDesign2.csproj", "{C73458BD-78CC-47FD-9E22-FA2949C0AC4C}"
EndProject
Project("{FAE04EC0-301F-11D3-BF4B-00C04F79EFBC}") = "03. RefactoringHTML", "03. RefactoringHTML\03. RefactoringHTML.csproj", "{F408FB01-51C0-43D5-8F37-A3E22D0C9A0D}"
EndProject
Global
	GlobalSection(SolutionConfigurationPlatforms) = preSolution
		Debug|Any CPU = Debug|Any CPU
		Release|Any CPU = Release|Any CPU
	EndGlobalSection
	GlobalSection(ProjectConfigurationPlatforms) = postSolution
		{D588F42A-6D04-4290-98C7-7B70BF1A84E1}.Debug|Any CPU.ActiveCfg = Debug|Any CPU
		{D588F42A-6D04-4290-98C7-7B70BF1A84E1}.Debug|Any CPU.Build.0 = Debug|Any CPU
		{D588F42A-6D04-4290-98C7-7B70BF1A84E1}.Release|Any CPU.ActiveCfg = Release|Any CPU
		{D588F42A-6D04-4290-98C7-7B70BF1A84E1}.Release|Any CPU.Build.0 = Release|Any CPU
		{C73458BD-78CC-47FD-9E22-FA2949C0AC4C}.Debug|Any CPU.ActiveCfg = Debug|Any CPU
		{C73458BD-78CC-47FD-9E22-FA2949C0AC4C}.Debug|Any CPU.Build.0 = Debug|Any CPU
		{C73458BD-78CC-47FD-9E22-FA2949C0AC4C}.Release|Any CPU.ActiveCfg = Release|Any CPU
		{C73458BD-78CC-47FD-9E22-FA2949C0AC4C}.Release|Any CPU.Build.0 = Release|Any CPU
		{F408FB01-51C0-43D5-8F37-A3E22D0C9A0D}.Debug|Any CPU.ActiveCfg = Debug|Any CPU
		{F408FB01-51C0-43D5-8F37-A3E22D0C9A0D}.Debug|Any CPU.Build.0 = Debug|Any CPU
		{F408FB01-51C0-43D5-8F37-A3E22D0C9A0D}.Release|Any CPU.ActiveCfg = Release|Any CPU
		{F408FB01-51C0-43D5-8F37-A3E22D0C9A0D}.Release|Any CPU.Build.0 = Release|Any CPU
	EndGlobalSection
	GlobalSection(SolutionProperties) = preSolution
		HideSolutionNode = FALSE
	EndGlobalSection
EndGlobal
