
Microsoft Visual Studio Solution File, Format Version 12.00
# Visual Studio 2013
VisualStudioVersion = 12.0.21005.1
MinimumVisualStudioVersion = 10.0.40219.1
Project("{FAE04EC0-301F-11D3-BF4B-00C04F79EFBC}") = "01. 369", "01. 369\01. 369.csproj", "{EEEA2136-9D11-4FD7-9657-D3AE5EAC9F8E}"
EndProject
Project("{FAE04EC0-301F-11D3-BF4B-00C04F79EFBC}") = "02. TheHorror", "02. TheHorror\02. TheHorror.csproj", "{CF643559-17A8-4A28-B486-0A6A0DA18C78}"
EndProject
Project("{FAE04EC0-301F-11D3-BF4B-00C04F79EFBC}") = "04. DiamondTrolls", "04. DiamondTrolls\04. DiamondTrolls.csproj", "{3A1BF126-8513-47FA-A9ED-58F359D8ED5B}"
EndProject
Global
	GlobalSection(SolutionConfigurationPlatforms) = preSolution
		Debug|Any CPU = Debug|Any CPU
		Release|Any CPU = Release|Any CPU
	EndGlobalSection
	GlobalSection(ProjectConfigurationPlatforms) = postSolution
		{EEEA2136-9D11-4FD7-9657-D3AE5EAC9F8E}.Debug|Any CPU.ActiveCfg = Debug|Any CPU
		{EEEA2136-9D11-4FD7-9657-D3AE5EAC9F8E}.Debug|Any CPU.Build.0 = Debug|Any CPU
		{EEEA2136-9D11-4FD7-9657-D3AE5EAC9F8E}.Release|Any CPU.ActiveCfg = Release|Any CPU
		{EEEA2136-9D11-4FD7-9657-D3AE5EAC9F8E}.Release|Any CPU.Build.0 = Release|Any CPU
		{CF643559-17A8-4A28-B486-0A6A0DA18C78}.Debug|Any CPU.ActiveCfg = Debug|Any CPU
		{CF643559-17A8-4A28-B486-0A6A0DA18C78}.Debug|Any CPU.Build.0 = Debug|Any CPU
		{CF643559-17A8-4A28-B486-0A6A0DA18C78}.Release|Any CPU.ActiveCfg = Release|Any CPU
		{CF643559-17A8-4A28-B486-0A6A0DA18C78}.Release|Any CPU.Build.0 = Release|Any CPU
		{3A1BF126-8513-47FA-A9ED-58F359D8ED5B}.Debug|Any CPU.ActiveCfg = Debug|Any CPU
		{3A1BF126-8513-47FA-A9ED-58F359D8ED5B}.Debug|Any CPU.Build.0 = Debug|Any CPU
		{3A1BF126-8513-47FA-A9ED-58F359D8ED5B}.Release|Any CPU.ActiveCfg = Release|Any CPU
		{3A1BF126-8513-47FA-A9ED-58F359D8ED5B}.Release|Any CPU.Build.0 = Release|Any CPU
	EndGlobalSection
	GlobalSection(SolutionProperties) = preSolution
		HideSolutionNode = FALSE
	EndGlobalSection
EndGlobal
