
Microsoft Visual Studio Solution File, Format Version 12.00
# Visual Studio 2013
VisualStudioVersion = 12.0.21005.1
MinimumVisualStudioVersion = 10.0.40219.1
Project("{FAE04EC0-301F-11D3-BF4B-00C04F79EFBC}") = "01. AmericanPie", "01. AmericanPie\01. AmericanPie.csproj", "{1957AF61-7030-4915-9144-9D5C7CB55F78}"
EndProject
Project("{FAE04EC0-301F-11D3-BF4B-00C04F79EFBC}") = "02. ApplesOrOranges", "02. ApplesOrOranges\02. ApplesOrOranges.csproj", "{17F1C8F5-E0BC-48F4-A446-77BAC7F761BE}"
EndProject
Project("{FAE04EC0-301F-11D3-BF4B-00C04F79EFBC}") = "03. BinaryDigits", "03. BinaryDigits\03. BinaryDigits.csproj", "{A86B9070-1727-4A81-9D5F-56ABE85C34FC}"
EndProject
Project("{FAE04EC0-301F-11D3-BF4B-00C04F79EFBC}") = "04. Easter-Mister", "04. Easter-Mister\04. Easter-Mister.csproj", "{AD24D0E6-26E4-4C04-A52E-830E8CC04013}"
EndProject
Global
	GlobalSection(SolutionConfigurationPlatforms) = preSolution
		Debug|Any CPU = Debug|Any CPU
		Release|Any CPU = Release|Any CPU
	EndGlobalSection
	GlobalSection(ProjectConfigurationPlatforms) = postSolution
		{1957AF61-7030-4915-9144-9D5C7CB55F78}.Debug|Any CPU.ActiveCfg = Debug|Any CPU
		{1957AF61-7030-4915-9144-9D5C7CB55F78}.Debug|Any CPU.Build.0 = Debug|Any CPU
		{1957AF61-7030-4915-9144-9D5C7CB55F78}.Release|Any CPU.ActiveCfg = Release|Any CPU
		{1957AF61-7030-4915-9144-9D5C7CB55F78}.Release|Any CPU.Build.0 = Release|Any CPU
		{17F1C8F5-E0BC-48F4-A446-77BAC7F761BE}.Debug|Any CPU.ActiveCfg = Debug|Any CPU
		{17F1C8F5-E0BC-48F4-A446-77BAC7F761BE}.Debug|Any CPU.Build.0 = Debug|Any CPU
		{17F1C8F5-E0BC-48F4-A446-77BAC7F761BE}.Release|Any CPU.ActiveCfg = Release|Any CPU
		{17F1C8F5-E0BC-48F4-A446-77BAC7F761BE}.Release|Any CPU.Build.0 = Release|Any CPU
		{A86B9070-1727-4A81-9D5F-56ABE85C34FC}.Debug|Any CPU.ActiveCfg = Debug|Any CPU
		{A86B9070-1727-4A81-9D5F-56ABE85C34FC}.Debug|Any CPU.Build.0 = Debug|Any CPU
		{A86B9070-1727-4A81-9D5F-56ABE85C34FC}.Release|Any CPU.ActiveCfg = Release|Any CPU
		{A86B9070-1727-4A81-9D5F-56ABE85C34FC}.Release|Any CPU.Build.0 = Release|Any CPU
		{AD24D0E6-26E4-4C04-A52E-830E8CC04013}.Debug|Any CPU.ActiveCfg = Debug|Any CPU
		{AD24D0E6-26E4-4C04-A52E-830E8CC04013}.Debug|Any CPU.Build.0 = Debug|Any CPU
		{AD24D0E6-26E4-4C04-A52E-830E8CC04013}.Release|Any CPU.ActiveCfg = Release|Any CPU
		{AD24D0E6-26E4-4C04-A52E-830E8CC04013}.Release|Any CPU.Build.0 = Release|Any CPU
	EndGlobalSection
	GlobalSection(SolutionProperties) = preSolution
		HideSolutionNode = FALSE
	EndGlobalSection
EndGlobal
