
Microsoft Visual Studio Solution File, Format Version 12.00
# Visual Studio 2013
VisualStudioVersion = 12.0.21005.1
MinimumVisualStudioVersion = 10.0.40219.1
Project("{FAE04EC0-301F-11D3-BF4B-00C04F79EFBC}") = "01. TwoFourEight", "01. TwoFourEight\01. TwoFourEight.csproj", "{6251E404-6373-4CEB-9E5B-C686593082DF}"
EndProject
Project("{FAE04EC0-301F-11D3-BF4B-00C04F79EFBC}") = "02. NightmareOnCodeStreet", "02. NightmareOnCodeStreet\02. NightmareOnCodeStreet.csproj", "{FE253C42-5434-43E8-AE8B-1298D0FC6272}"
EndProject
Project("{FAE04EC0-301F-11D3-BF4B-00C04F79EFBC}") = "04. KapichaniaBoats", "04. KapichaniaBoats\04. KapichaniaBoats.csproj", "{8CEE7D71-D2D2-4C26-807C-E377BADB433C}"
EndProject
Global
	GlobalSection(SolutionConfigurationPlatforms) = preSolution
		Debug|Any CPU = Debug|Any CPU
		Release|Any CPU = Release|Any CPU
	EndGlobalSection
	GlobalSection(ProjectConfigurationPlatforms) = postSolution
		{6251E404-6373-4CEB-9E5B-C686593082DF}.Debug|Any CPU.ActiveCfg = Debug|Any CPU
		{6251E404-6373-4CEB-9E5B-C686593082DF}.Debug|Any CPU.Build.0 = Debug|Any CPU
		{6251E404-6373-4CEB-9E5B-C686593082DF}.Release|Any CPU.ActiveCfg = Release|Any CPU
		{6251E404-6373-4CEB-9E5B-C686593082DF}.Release|Any CPU.Build.0 = Release|Any CPU
		{FE253C42-5434-43E8-AE8B-1298D0FC6272}.Debug|Any CPU.ActiveCfg = Debug|Any CPU
		{FE253C42-5434-43E8-AE8B-1298D0FC6272}.Debug|Any CPU.Build.0 = Debug|Any CPU
		{FE253C42-5434-43E8-AE8B-1298D0FC6272}.Release|Any CPU.ActiveCfg = Release|Any CPU
		{FE253C42-5434-43E8-AE8B-1298D0FC6272}.Release|Any CPU.Build.0 = Release|Any CPU
		{8CEE7D71-D2D2-4C26-807C-E377BADB433C}.Debug|Any CPU.ActiveCfg = Debug|Any CPU
		{8CEE7D71-D2D2-4C26-807C-E377BADB433C}.Debug|Any CPU.Build.0 = Debug|Any CPU
		{8CEE7D71-D2D2-4C26-807C-E377BADB433C}.Release|Any CPU.ActiveCfg = Release|Any CPU
		{8CEE7D71-D2D2-4C26-807C-E377BADB433C}.Release|Any CPU.Build.0 = Release|Any CPU
	EndGlobalSection
	GlobalSection(SolutionProperties) = preSolution
		HideSolutionNode = FALSE
	EndGlobalSection
EndGlobal
